
Microsoft Visual Studio Solution File, Format Version 12.00
# Visual Studio Version 17
VisualStudioVersion = 17.4.33103.184
MinimumVisualStudioVersion = 10.0.40219.1
Project("{9A19103F-16F7-4668-BE54-9A1E7A4F7556}") = "01_12_CSharp", "01_12_CSharp.csproj", "{D2E46EAD-A5F3-4198-8B00-9199AAF90A3C}"
EndProject
Global
	GlobalSection(SolutionConfigurationPlatforms) = preSolution
		Debug|Any CPU = Debug|Any CPU
		Release|Any CPU = Release|Any CPU
	EndGlobalSection
	GlobalSection(ProjectConfigurationPlatforms) = postSolution
		{D2E46EAD-A5F3-4198-8B00-9199AAF90A3C}.Debug|Any CPU.ActiveCfg = Debug|Any CPU
		{D2E46EAD-A5F3-4198-8B00-9199AAF90A3C}.Debug|Any CPU.Build.0 = Debug|Any CPU
		{D2E46EAD-A5F3-4198-8B00-9199AAF90A3C}.Release|Any CPU.ActiveCfg = Release|Any CPU
		{D2E46EAD-A5F3-4198-8B00-9199AAF90A3C}.Release|Any CPU.Build.0 = Release|Any CPU
	EndGlobalSection
	GlobalSection(SolutionProperties) = preSolution
		HideSolutionNode = FALSE
	EndGlobalSection
	GlobalSection(ExtensibilityGlobals) = postSolution
		SolutionGuid = {17F725AC-C746-48D4-9440-CC633ED70D0B}
	EndGlobalSection
EndGlobal
